<?xml version="1.0" encoding="utf-8"?>
<Project ToolsVersion="4.0" xmlns="http://schemas.microsoft.com/developer/msbuild/2003">
  <ItemGroup>
    <Natvis Include="external\entt\natvis\entt\config.natvis" />
    <Natvis Include="external\entt\natvis\entt\container.natvis" />
    <Natvis Include="external\entt\natvis\entt\core.natvis" />
    <Natvis Include="external\entt\natvis\entt\entity.natvis" />
    <Natvis Include="external\entt\natvis\entt\graph.natvis" />
    <Natvis Include="external\entt\natvis\entt\locator.natvis" />
    <Natvis Include="external\entt\natvis\entt\meta.natvis" />
    <Natvis Include="external\entt\natvis\entt\platform.natvis" />
    <Natvis Include="external\entt\natvis\entt\poly.natvis" />
    <Natvis Include="external\entt\natvis\entt\process.natvis" />
    <Natvis Include="external\entt\natvis\entt\resource.natvis" />
    <Natvis Include="external\entt\natvis\entt\signal.natvis" />
    <Natvis Include="external\glm\glm.natvis" />
  </ItemGroup>
  <ItemGroup>
    <ClCompile Include="external\predicates\predicates.cpp" />
    <ClCompile Include="external\xsr\backends\common\xsr_common.cpp" />
    <ClCompile Include="external\xsr\backends\opengl\external\glad\src\glad.c" />
    <ClCompile Include="external\xsr\backends\opengl\xsr_opengl.cpp" />
    <ClCompile Include="source\core\engine.cpp" />
    <ClCompile Include="source\core\fileio.cpp" />
    <ClCompile Include="source\platform\pc\core\input_pc.cpp" />
    <ClCompile Include="source\rendering\simple_renderer.cpp" />
    <ClCompile Include="source\tools\log.cpp" />
    <ClCompile Include="source\main.cpp" />
    <ClCompile Include="source\rendering\debug_render.cpp" />
    <ClCompile Include="source\platform\pc\core\device_pc.cpp" />
    <ClCompile Include="source\platform\pc\core\fileio_pc.cpp" />
    <ClCompile Include="external\tinygltf\tiny_gltf.cc" />
    <ClCompile Include="source\tools\tools.cpp" />
    <ClCompile Include="source\tools\shader_preprocessor.cpp" />
    <ClCompile Include="external\imgui\imgui.cpp" />
    <ClCompile Include="external\imgui\imgui_demo.cpp" />
    <ClCompile Include="external\imgui\imgui_draw.cpp" />
    <ClCompile Include="external\imgui\imgui_impl.cpp" />
    <ClCompile Include="external\imgui\imgui_impl_glfw.cpp" />
    <ClCompile Include="external\imgui\imgui_impl_opengl3.cpp" />
    <ClCompile Include="external\imgui\imgui_tables.cpp" />
    <ClCompile Include="external\imgui\imgui_widgets.cpp" />
    <ClCompile Include="external\imgui\implot_demo.cpp" />
    <ClCompile Include="external\imgui\implot_items.cpp" />
    <ClCompile Include="external\imgui\implot.cpp" />
    <ClCompile Include="external\clipper\src\clipper.engine.cpp" />
    <ClCompile Include="external\clipper\src\clipper.offset.cpp" />
    <ClCompile Include="external\clipper\src\clipper.rectclip.cpp" />
    <ClCompile Include="source\oop_particle_system\Emitter.cpp" />
    <ClCompile Include="source\ecs\ECS.cpp" />
    <ClCompile Include="source\ecs\systems\ParticleSystem.cpp" />
    <ClCompile Include="source\ecs\systems\BaseSystem.cpp" />
    <ClCompile Include="source\ecs\entity\Entity.cpp" />
    <ClCompile Include="source\tools\Inspector.cpp" />
    <ClCompile Include="source\tools\Hierarchy.cpp" />
    <ClCompile Include="source\tools\GLTFLoader.cpp" />
    <ClCompile Include="source\resource_managers\ResourceManager.cpp" />
    <ClCompile Include="source\resource_managers\ModelManager.cpp" />
    <ClCompile Include="source\resource_managers\MeshManager.cpp" />
    <ClCompile Include="source\resource_managers\TextureManager.cpp" />
    <ClCompile Include="external\imgui\ImGuizmo.cpp" />
    <ClCompile Include="source\ecs\systems\ScriptSystem.cpp" />
    <ClCompile Include="source\scripting\glm_bindings\mat2_lua.cpp" />
    <ClCompile Include="source\scripting\glm_bindings\mat3_lua.cpp" />
    <ClCompile Include="source\scripting\glm_bindings\mat4_lua.cpp" />
    <ClCompile Include="source\scripting\glm_bindings\quat_lua.cpp" />
    <ClCompile Include="source\scripting\glm_bindings\vec2_lua.cpp" />
    <ClCompile Include="source\scripting\glm_bindings\vec3_lua.cpp" />
    <ClCompile Include="source\scripting\glm_bindings\vec4_lua.cpp" />
    <ClCompile Include="source\scripting\entity_bindings\EntityLua.cpp" />
    <ClCompile Include="source\scripting\components_bindings\transform_component_lua.cpp" />
    <ClCompile Include="source\scripting\components_bindings\camera_component_lua.cpp" />
    <ClCompile Include="source\scripting\input_bindings\input_lua.cpp" />
    <ClCompile Include="source\scripting\glm_bindings\functions\translate_lua.cpp" />
    <ClCompile Include="source\tools\Serializer.cpp" />
    <ClCompile Include="source\ecs\systems\PhysicsSystem3D.cpp" />
    <ClCompile Include="external\Jolt\AABBTree\AABBTreeBuilder.cpp" />
    <ClCompile Include="external\Jolt\Core\Color.cpp" />
    <ClCompile Include="external\Jolt\Core\Factory.cpp" />
    <ClCompile Include="external\Jolt\Core\IssueReporting.cpp" />
    <ClCompile Include="external\Jolt\Core\JobSystemSingleThreaded.cpp" />
    <ClCompile Include="external\Jolt\Core\JobSystemThreadPool.cpp" />
    <ClCompile Include="external\Jolt\Core\JobSystemWithBarrier.cpp" />
    <ClCompile Include="external\Jolt\Core\LinearCurve.cpp" />
    <ClCompile Include="external\Jolt\Core\Memory.cpp" />
    <ClCompile Include="external\Jolt\Core\Profiler.cpp" />
    <ClCompile Include="external\Jolt\Core\RTTI.cpp" />
    <ClCompile Include="external\Jolt\Core\Semaphore.cpp" />
    <ClCompile Include="external\Jolt\Core\StringTools.cpp" />
    <ClCompile Include="external\Jolt\Core\TickCounter.cpp" />
    <ClCompile Include="external\Jolt\Geometry\ConvexHullBuilder.cpp" />
    <ClCompile Include="external\Jolt\Geometry\ConvexHullBuilder2D.cpp" />
    <ClCompile Include="external\Jolt\Geometry\Indexify.cpp" />
    <ClCompile Include="external\Jolt\Geometry\OrientedBox.cpp" />
    <ClCompile Include="external\Jolt\Math\Vec3.cpp" />
    <ClCompile Include="external\Jolt\ObjectStream\ObjectStream.cpp" />
    <ClCompile Include="external\Jolt\ObjectStream\ObjectStreamBinaryIn.cpp" />
    <ClCompile Include="external\Jolt\ObjectStream\ObjectStreamBinaryOut.cpp" />
    <ClCompile Include="external\Jolt\ObjectStream\ObjectStreamIn.cpp" />
    <ClCompile Include="external\Jolt\ObjectStream\ObjectStreamOut.cpp" />
    <ClCompile Include="external\Jolt\ObjectStream\ObjectStreamTextIn.cpp" />
    <ClCompile Include="external\Jolt\ObjectStream\ObjectStreamTextOut.cpp" />
    <ClCompile Include="external\Jolt\ObjectStream\SerializableObject.cpp" />
    <ClCompile Include="external\Jolt\ObjectStream\TypeDeclarations.cpp" />
    <ClCompile Include="external\Jolt\Physics\Body\Body.cpp" />
    <ClCompile Include="external\Jolt\Physics\Body\BodyAccess.cpp" />
    <ClCompile Include="external\Jolt\Physics\Body\BodyCreationSettings.cpp" />
    <ClCompile Include="external\Jolt\Physics\Body\BodyInterface.cpp" />
    <ClCompile Include="external\Jolt\Physics\Body\BodyManager.cpp" />
    <ClCompile Include="external\Jolt\Physics\Body\MassProperties.cpp" />
    <ClCompile Include="external\Jolt\Physics\Body\MotionProperties.cpp" />
    <ClCompile Include="external\Jolt\Physics\Character\Character.cpp" />
    <ClCompile Include="external\Jolt\Physics\Character\CharacterBase.cpp" />
    <ClCompile Include="external\Jolt\Physics\Character\CharacterVirtual.cpp" />
    <ClCompile Include="external\Jolt\Physics\Collision\BroadPhase\BroadPhase.cpp" />
    <ClCompile Include="external\Jolt\Physics\Collision\BroadPhase\BroadPhaseBruteForce.cpp" />
    <ClCompile Include="external\Jolt\Physics\Collision\BroadPhase\BroadPhaseQuadTree.cpp" />
    <ClCompile Include="external\Jolt\Physics\Collision\BroadPhase\QuadTree.cpp" />
    <ClCompile Include="external\Jolt\Physics\Collision\Shape\BoxShape.cpp" />
    <ClCompile Include="external\Jolt\Physics\Collision\Shape\CapsuleShape.cpp" />
    <ClCompile Include="external\Jolt\Physics\Collision\Shape\CompoundShape.cpp" />
    <ClCompile Include="external\Jolt\Physics\Collision\Shape\ConvexHullShape.cpp" />
    <ClCompile Include="external\Jolt\Physics\Collision\Shape\ConvexShape.cpp" />
    <ClCompile Include="external\Jolt\Physics\Collision\Shape\CylinderShape.cpp" />
    <ClCompile Include="external\Jolt\Physics\Collision\Shape\DecoratedShape.cpp" />
    <ClCompile Include="external\Jolt\Physics\Collision\Shape\HeightFieldShape.cpp" />
    <ClCompile Include="external\Jolt\Physics\Collision\Shape\MeshShape.cpp" />
    <ClCompile Include="external\Jolt\Physics\Collision\Shape\MutableCompoundShape.cpp" />
    <ClCompile Include="external\Jolt\Physics\Collision\Shape\OffsetCenterOfMassShape.cpp" />
    <ClCompile Include="external\Jolt\Physics\Collision\Shape\RotatedTranslatedShape.cpp" />
    <ClCompile Include="external\Jolt\Physics\Collision\Shape\ScaledShape.cpp" />
    <ClCompile Include="external\Jolt\Physics\Collision\Shape\Shape.cpp" />
    <ClCompile Include="external\Jolt\Physics\Collision\Shape\SphereShape.cpp" />
    <ClCompile Include="external\Jolt\Physics\Collision\Shape\StaticCompoundShape.cpp" />
    <ClCompile Include="external\Jolt\Physics\Collision\Shape\TaperedCapsuleShape.cpp" />
    <ClCompile Include="external\Jolt\Physics\Collision\Shape\TriangleShape.cpp" />
    <ClCompile Include="external\Jolt\Physics\Collision\CastConvexVsTriangles.cpp" />
    <ClCompile Include="external\Jolt\Physics\Collision\CastSphereVsTriangles.cpp" />
    <ClCompile Include="external\Jolt\Physics\Collision\CollideConvexVsTriangles.cpp" />
    <ClCompile Include="external\Jolt\Physics\Collision\CollideSphereVsTriangles.cpp" />
    <ClCompile Include="external\Jolt\Physics\Collision\CollisionDispatch.cpp" />
    <ClCompile Include="external\Jolt\Physics\Collision\CollisionGroup.cpp" />
    <ClCompile Include="external\Jolt\Physics\Collision\EstimateCollisionResponse.cpp" />
    <ClCompile Include="external\Jolt\Physics\Collision\GroupFilter.cpp" />
    <ClCompile Include="external\Jolt\Physics\Collision\GroupFilterTable.cpp" />
    <ClCompile Include="external\Jolt\Physics\Collision\ManifoldBetweenTwoFaces.cpp" />
    <ClCompile Include="external\Jolt\Physics\Collision\NarrowPhaseQuery.cpp" />
    <ClCompile Include="external\Jolt\Physics\Collision\NarrowPhaseStats.cpp" />
    <ClCompile Include="external\Jolt\Physics\Collision\PhysicsMaterial.cpp" />
    <ClCompile Include="external\Jolt\Physics\Collision\PhysicsMaterialSimple.cpp" />
    <ClCompile Include="external\Jolt\Physics\Collision\TransformedShape.cpp" />
    <ClCompile Include="external\Jolt\Physics\Constraints\ConeConstraint.cpp" />
    <ClCompile Include="external\Jolt\Physics\Constraints\Constraint.cpp" />
    <ClCompile Include="external\Jolt\Physics\Constraints\ConstraintManager.cpp" />
    <ClCompile Include="external\Jolt\Physics\Constraints\ContactConstraintManager.cpp" />
    <ClCompile Include="external\Jolt\Physics\Constraints\DistanceConstraint.cpp" />
    <ClCompile Include="external\Jolt\Physics\Constraints\FixedConstraint.cpp" />
    <ClCompile Include="external\Jolt\Physics\Constraints\GearConstraint.cpp" />
    <ClCompile Include="external\Jolt\Physics\Constraints\HingeConstraint.cpp" />
    <ClCompile Include="external\Jolt\Physics\Constraints\MotorSettings.cpp" />
    <ClCompile Include="external\Jolt\Physics\Constraints\PathConstraint.cpp" />
    <ClCompile Include="external\Jolt\Physics\Constraints\PathConstraintPath.cpp" />
    <ClCompile Include="external\Jolt\Physics\Constraints\PathConstraintPathHermite.cpp" />
    <ClCompile Include="external\Jolt\Physics\Constraints\PointConstraint.cpp" />
    <ClCompile Include="external\Jolt\Physics\Constraints\PulleyConstraint.cpp" />
    <ClCompile Include="external\Jolt\Physics\Constraints\RackAndPinionConstraint.cpp" />
    <ClCompile Include="external\Jolt\Physics\Constraints\SixDOFConstraint.cpp" />
    <ClCompile Include="external\Jolt\Physics\Constraints\SliderConstraint.cpp" />
    <ClCompile Include="external\Jolt\Physics\Constraints\SpringSettings.cpp" />
    <ClCompile Include="external\Jolt\Physics\Constraints\SwingTwistConstraint.cpp" />
    <ClCompile Include="external\Jolt\Physics\Constraints\TwoBodyConstraint.cpp" />
    <ClCompile Include="external\Jolt\Physics\Ragdoll\Ragdoll.cpp" />
    <ClCompile Include="external\Jolt\Physics\SoftBody\SoftBodyCreationSettings.cpp" />
    <ClCompile Include="external\Jolt\Physics\SoftBody\SoftBodyMotionProperties.cpp" />
    <ClCompile Include="external\Jolt\Physics\SoftBody\SoftBodyShape.cpp" />
    <ClCompile Include="external\Jolt\Physics\SoftBody\SoftBodySharedSettings.cpp" />
    <ClCompile Include="external\Jolt\Physics\Vehicle\MotorcycleController.cpp" />
    <ClCompile Include="external\Jolt\Physics\Vehicle\TrackedVehicleController.cpp" />
    <ClCompile Include="external\Jolt\Physics\Vehicle\VehicleAntiRollBar.cpp" />
    <ClCompile Include="external\Jolt\Physics\Vehicle\VehicleCollisionTester.cpp" />
    <ClCompile Include="external\Jolt\Physics\Vehicle\VehicleConstraint.cpp" />
    <ClCompile Include="external\Jolt\Physics\Vehicle\VehicleController.cpp" />
    <ClCompile Include="external\Jolt\Physics\Vehicle\VehicleDifferential.cpp" />
    <ClCompile Include="external\Jolt\Physics\Vehicle\VehicleEngine.cpp" />
    <ClCompile Include="external\Jolt\Physics\Vehicle\VehicleTrack.cpp" />
    <ClCompile Include="external\Jolt\Physics\Vehicle\VehicleTransmission.cpp" />
    <ClCompile Include="external\Jolt\Physics\Vehicle\Wheel.cpp" />
    <ClCompile Include="external\Jolt\Physics\Vehicle\WheeledVehicleController.cpp" />
    <ClCompile Include="external\Jolt\Physics\DeterminismLog.cpp" />
    <ClCompile Include="external\Jolt\Physics\IslandBuilder.cpp" />
    <ClCompile Include="external\Jolt\Physics\LargeIslandSplitter.cpp" />
    <ClCompile Include="external\Jolt\Physics\PhysicsLock.cpp" />
    <ClCompile Include="external\Jolt\Physics\PhysicsScene.cpp" />
    <ClCompile Include="external\Jolt\Physics\PhysicsSystem.cpp" />
    <ClCompile Include="external\Jolt\Physics\PhysicsUpdateContext.cpp" />
    <ClCompile Include="external\Jolt\Physics\StateRecorderImpl.cpp" />
    <ClCompile Include="external\Jolt\Renderer\DebugRenderer.cpp" />
    <ClCompile Include="external\Jolt\Renderer\DebugRendererPlayback.cpp" />
    <ClCompile Include="external\Jolt\Renderer\DebugRendererRecorder.cpp" />
    <ClCompile Include="external\Jolt\Skeleton\SkeletalAnimation.cpp" />
    <ClCompile Include="external\Jolt\Skeleton\Skeleton.cpp" />
    <ClCompile Include="external\Jolt\Skeleton\SkeletonMapper.cpp" />
    <ClCompile Include="external\Jolt\Skeleton\SkeletonPose.cpp" />
    <ClCompile Include="external\Jolt\TriangleGrouper\TriangleGrouperClosestCentroid.cpp" />
    <ClCompile Include="external\Jolt\TriangleGrouper\TriangleGrouperMorton.cpp" />
    <ClCompile Include="external\Jolt\TriangleSplitter\TriangleSplitter.cpp" />
    <ClCompile Include="external\Jolt\TriangleSplitter\TriangleSplitterBinning.cpp" />
    <ClCompile Include="external\Jolt\TriangleSplitter\TriangleSplitterFixedLeafSize.cpp" />
    <ClCompile Include="external\Jolt\TriangleSplitter\TriangleSplitterLongestAxis.cpp" />
    <ClCompile Include="external\Jolt\TriangleSplitter\TriangleSplitterMean.cpp" />
    <ClCompile Include="external\Jolt\TriangleSplitter\TriangleSplitterMorton.cpp" />
    <ClCompile Include="external\Jolt\RegisterTypes.cpp" />
    <ClCompile Include="source\blockB\Scene.cpp" />
    <ClCompile Include="source\blockB\AbilityCreationMenu.cpp" />
    <ClCompile Include="source\resource_managers\AbilityManager.cpp" />
    <ClCompile Include="source\ecs\systems\AbilitySystem.cpp" />
    <ClCompile Include="source\tools\MainMenuBar.cpp" />
    <ClCompile Include="source\ecs\systems\PhysicsSystem2D.cpp" />
    <ClCompile Include="source\scripting\glm_bindings\functions\rotate_lua.cpp" />
    <ClCompile Include="source\blockB\PlayerStatsWindows.cpp" />
  </ItemGroup>
  <ItemGroup>
    <ClInclude Include="external\predicates\constants.h" />
    <ClInclude Include="external\predicates\predicates.h" />
    <ClInclude Include="include\core\device.hpp" />
    <ClInclude Include="include\core\ecs.h" />
    <ClInclude Include="include\core\engine.h" />
    <ClInclude Include="include\core\engine.hpp" />
    <ClInclude Include="include\core\fileio.hpp" />
    <ClInclude Include="include\core\input.hpp" />
    <ClInclude Include="include\rendering\debug_render.hpp" />
    <ClInclude Include="include\rendering\simple_renderer.hpp" />
    <ClInclude Include="include\tools\log.hpp" />
    <ClInclude Include="external\clipper\include\clipper2\clipper.core.h" />
    <ClInclude Include="external\clipper\include\clipper2\clipper.engine.h" />
    <ClInclude Include="external\clipper\include\clipper2\clipper.export.h" />
    <ClInclude Include="external\clipper\include\clipper2\clipper.h" />
    <ClInclude Include="external\clipper\include\clipper2\clipper.minkowski.h" />
    <ClInclude Include="external\clipper\include\clipper2\clipper.offset.h" />
    <ClInclude Include="external\clipper\include\clipper2\clipper.rectclip.h" />
    <ClInclude Include="include\platform\opengl\open_gl.hpp" />
    <ClInclude Include="include\platform\pc\core\device_pc.hpp" />
    <ClInclude Include="include\rendering\render.hpp" />
    <ClInclude Include="include\rendering\render_components.hpp" />
    <ClInclude Include="include\platform\opengl\render_gl.hpp" />
    <ClInclude Include="include\platform\opengl\render_components_gl.hpp" />
    <ClInclude Include="include\rendering\model.hpp" />
    <ClInclude Include="include\platform\opengl\shader_gl.hpp" />
    <ClInclude Include="include\platform\opengl\image_gl.hpp" />
    <ClInclude Include="include\tools\tools.hpp" />
    <ClInclude Include="include\tools\shader_preprocessor.hpp" />
    <ClInclude Include="include\platform\opengl\mesh_gl.hpp" />
    <ClInclude Include="include\platform\opengl\uniforms_gl.hpp" />
    <ClInclude Include="include\rendering\mesh.hpp" />
    <ClInclude Include="include\rendering\image.hpp" />
    <ClInclude Include="source\simple_model_viewer.hpp" />
    <ClInclude Include="include\oop_particle_system\Emitter.h" />
    <ClInclude Include="include\ecs\components\compact_includes\AllComponents.h" />
    <ClInclude Include="include\ecs\ECS.h" />
    <ClInclude Include="include\ecs\systems\ParticleSystem.h" />
    <ClInclude Include="include\tools\FPSInfo.h" />
    <ClInclude Include="include\ecs\systems\BaseSystem.h" />
    <ClInclude Include="include\ecs\entity\Entity.h" />
    <ClInclude Include="external\imgui\imgui_entt_entity_editor.hpp" />
    <ClInclude Include="include\tools\Inspector.h" />
    <ClInclude Include="include\tools\Hierarchy.h" />
    <ClInclude Include="include\tools\GLTFLoader.h" />
    <ClInclude Include="include\resource_managers\ResourceManager.h" />
    <ClInclude Include="include\resource_managers\MeshManager.h" />
    <ClInclude Include="include\resource_managers\ModelManager.h" />
    <ClInclude Include="include\resource_managers\TextureManager.h" />
    <ClInclude Include="external\imgui\ImGuizmo.h" />
    <ClInclude Include="include\ecs\systems\ScriptSystem.h" />
    <ClInclude Include="include\scripting\glm_lua.h" />
    <ClInclude Include="include\scripting\EntityLua.h" />
    <ClInclude Include="include\scripting\components_lua.h" />
    <ClInclude Include="include\scripting\input_lua.h" />
    <ClInclude Include="include\tools\Serializer.h" />
    <ClInclude Include="include\ecs\systems\AllSystemsInclude.h" />
    <ClInclude Include="resource.h" />
    <ClInclude Include="include\ecs\systems\PhysicsSystem3D.h" />
    <ClInclude Include="external\Jolt\AABBTree\NodeCodec\NodeCodecQuadTreeHalfFloat.h" />
    <ClInclude Include="external\Jolt\AABBTree\TriangleCodec\TriangleCodecIndexed8BitPackSOA4Flags.h" />
    <ClInclude Include="external\Jolt\AABBTree\AABBTreeBuilder.h" />
    <ClInclude Include="external\Jolt\AABBTree\AABBTreeToBuffer.h" />
    <ClInclude Include="external\Jolt\Core\ARMNeon.h" />
    <ClInclude Include="external\Jolt\Core\Atomics.h" />
    <ClInclude Include="external\Jolt\Core\ByteBuffer.h" />
    <ClInclude Include="external\Jolt\Core\Color.h" />
    <ClInclude Include="external\Jolt\Core\Core.h" />
    <ClInclude Include="external\Jolt\Core\Factory.h" />
    <ClInclude Include="external\Jolt\Core\FixedSizeFreeList.h" />
    <ClInclude Include="external\Jolt\Core\FPControlWord.h" />
    <ClInclude Include="external\Jolt\Core\FPException.h" />
    <ClInclude Include="external\Jolt\Core\FPFlushDenormals.h" />
    <ClInclude Include="external\Jolt\Core\HashCombine.h" />
    <ClInclude Include="external\Jolt\Core\InsertionSort.h" />
    <ClInclude Include="external\Jolt\Core\IssueReporting.h" />
    <ClInclude Include="external\Jolt\Core\JobSystem.h" />
    <ClInclude Include="external\Jolt\Core\JobSystemSingleThreaded.h" />
    <ClInclude Include="external\Jolt\Core\JobSystemThreadPool.h" />
    <ClInclude Include="external\Jolt\Core\JobSystemWithBarrier.h" />
    <ClInclude Include="external\Jolt\Core\LinearCurve.h" />
    <ClInclude Include="external\Jolt\Core\LockFreeHashMap.h" />
    <ClInclude Include="external\Jolt\Core\Memory.h" />
    <ClInclude Include="external\Jolt\Core\Mutex.h" />
    <ClInclude Include="external\Jolt\Core\MutexArray.h" />
    <ClInclude Include="external\Jolt\Core\NonCopyable.h" />
    <ClInclude Include="external\Jolt\Core\Profiler.h" />
    <ClInclude Include="external\Jolt\Core\QuickSort.h" />
    <ClInclude Include="external\Jolt\Core\Reference.h" />
    <ClInclude Include="external\Jolt\Core\Result.h" />
    <ClInclude Include="external\Jolt\Core\RTTI.h" />
    <ClInclude Include="external\Jolt\Core\Semaphore.h" />
    <ClInclude Include="external\Jolt\Core\StaticArray.h" />
    <ClInclude Include="external\Jolt\Core\STLAlignedAllocator.h" />
    <ClInclude Include="external\Jolt\Core\STLAllocator.h" />
    <ClInclude Include="external\Jolt\Core\STLTempAllocator.h" />
    <ClInclude Include="external\Jolt\Core\StreamIn.h" />
    <ClInclude Include="external\Jolt\Core\StreamOut.h" />
    <ClInclude Include="external\Jolt\Core\StreamUtils.h" />
    <ClInclude Include="external\Jolt\Core\StreamWrapper.h" />
    <ClInclude Include="external\Jolt\Core\StringTools.h" />
    <ClInclude Include="external\Jolt\Core\TempAllocator.h" />
    <ClInclude Include="external\Jolt\Core\TickCounter.h" />
    <ClInclude Include="external\Jolt\Core\UnorderedMap.h" />
    <ClInclude Include="external\Jolt\Core\UnorderedSet.h" />
    <ClInclude Include="external\Jolt\Geometry\AABox.h" />
    <ClInclude Include="external\Jolt\Geometry\AABox4.h" />
    <ClInclude Include="external\Jolt\Geometry\ClipPoly.h" />
    <ClInclude Include="external\Jolt\Geometry\ClosestPoint.h" />
    <ClInclude Include="external\Jolt\Geometry\ConvexHullBuilder.h" />
    <ClInclude Include="external\Jolt\Geometry\ConvexHullBuilder2D.h" />
    <ClInclude Include="external\Jolt\Geometry\ConvexSupport.h" />
    <ClInclude Include="external\Jolt\Geometry\Ellipse.h" />
    <ClInclude Include="external\Jolt\Geometry\EPAConvexHullBuilder.h" />
    <ClInclude Include="external\Jolt\Geometry\EPAPenetrationDepth.h" />
    <ClInclude Include="external\Jolt\Geometry\GJKClosestPoint.h" />
    <ClInclude Include="external\Jolt\Geometry\IndexedTriangle.h" />
    <ClInclude Include="external\Jolt\Geometry\Indexify.h" />
    <ClInclude Include="external\Jolt\Geometry\MortonCode.h" />
    <ClInclude Include="external\Jolt\Geometry\OrientedBox.h" />
    <ClInclude Include="external\Jolt\Geometry\Plane.h" />
    <ClInclude Include="external\Jolt\Geometry\RayAABox.h" />
    <ClInclude Include="external\Jolt\Geometry\RayAABox8.h" />
    <ClInclude Include="external\Jolt\Geometry\RayCapsule.h" />
    <ClInclude Include="external\Jolt\Geometry\RayCylinder.h" />
    <ClInclude Include="external\Jolt\Geometry\RaySphere.h" />
    <ClInclude Include="external\Jolt\Geometry\RayTriangle.h" />
    <ClInclude Include="external\Jolt\Geometry\RayTriangle8.h" />
    <ClInclude Include="external\Jolt\Geometry\Sphere.h" />
    <ClInclude Include="external\Jolt\Geometry\Triangle.h" />
    <ClInclude Include="external\Jolt\Math\DMat44.h" />
    <ClInclude Include="external\Jolt\Math\Double3.h" />
    <ClInclude Include="external\Jolt\Math\DVec3.h" />
    <ClInclude Include="external\Jolt\Math\DynMatrix.h" />
    <ClInclude Include="external\Jolt\Math\EigenValueSymmetric.h" />
    <ClInclude Include="external\Jolt\Math\FindRoot.h" />
    <ClInclude Include="external\Jolt\Math\Float2.h" />
    <ClInclude Include="external\Jolt\Math\Float3.h" />
    <ClInclude Include="external\Jolt\Math\Float4.h" />
    <ClInclude Include="external\Jolt\Math\GaussianElimination.h" />
    <ClInclude Include="external\Jolt\Math\HalfFloat.h" />
    <ClInclude Include="external\Jolt\Math\Mat44.h" />
    <ClInclude Include="external\Jolt\Math\Math.h" />
    <ClInclude Include="external\Jolt\Math\MathTypes.h" />
    <ClInclude Include="external\Jolt\Math\Matrix.h" />
    <ClInclude Include="external\Jolt\Math\Quat.h" />
    <ClInclude Include="external\Jolt\Math\Real.h" />
    <ClInclude Include="external\Jolt\Math\Swizzle.h" />
    <ClInclude Include="external\Jolt\Math\Trigonometry.h" />
    <ClInclude Include="external\Jolt\Math\UVec4.h" />
    <ClInclude Include="external\Jolt\Math\UVec8.h" />
    <ClInclude Include="external\Jolt\Math\Vec3.h" />
    <ClInclude Include="external\Jolt\Math\Vec4.h" />
    <ClInclude Include="external\Jolt\Math\Vec8.h" />
    <ClInclude Include="external\Jolt\Math\Vector.h" />
    <ClInclude Include="external\Jolt\ObjectStream\GetPrimitiveTypeOfType.h" />
    <ClInclude Include="external\Jolt\ObjectStream\ObjectStream.h" />
    <ClInclude Include="external\Jolt\ObjectStream\ObjectStreamBinaryIn.h" />
    <ClInclude Include="external\Jolt\ObjectStream\ObjectStreamBinaryOut.h" />
    <ClInclude Include="external\Jolt\ObjectStream\ObjectStreamIn.h" />
    <ClInclude Include="external\Jolt\ObjectStream\ObjectStreamOut.h" />
    <ClInclude Include="external\Jolt\ObjectStream\ObjectStreamTextIn.h" />
    <ClInclude Include="external\Jolt\ObjectStream\ObjectStreamTextOut.h" />
    <ClInclude Include="external\Jolt\ObjectStream\ObjectStreamTypes.h" />
    <ClInclude Include="external\Jolt\ObjectStream\SerializableAttribute.h" />
    <ClInclude Include="external\Jolt\ObjectStream\SerializableAttributeEnum.h" />
    <ClInclude Include="external\Jolt\ObjectStream\SerializableAttributeTyped.h" />
    <ClInclude Include="external\Jolt\ObjectStream\SerializableObject.h" />
    <ClInclude Include="external\Jolt\ObjectStream\TypeDeclarations.h" />
    <ClInclude Include="external\Jolt\Physics\Body\AllowedDOFs.h" />
    <ClInclude Include="external\Jolt\Physics\Body\Body.h" />
    <ClInclude Include="external\Jolt\Physics\Body\BodyAccess.h" />
    <ClInclude Include="external\Jolt\Physics\Body\BodyActivationListener.h" />
    <ClInclude Include="external\Jolt\Physics\Body\BodyCreationSettings.h" />
    <ClInclude Include="external\Jolt\Physics\Body\BodyFilter.h" />
    <ClInclude Include="external\Jolt\Physics\Body\BodyID.h" />
    <ClInclude Include="external\Jolt\Physics\Body\BodyInterface.h" />
    <ClInclude Include="external\Jolt\Physics\Body\BodyLock.h" />
    <ClInclude Include="external\Jolt\Physics\Body\BodyLockInterface.h" />
    <ClInclude Include="external\Jolt\Physics\Body\BodyLockMulti.h" />
    <ClInclude Include="external\Jolt\Physics\Body\BodyManager.h" />
    <ClInclude Include="external\Jolt\Physics\Body\BodyPair.h" />
    <ClInclude Include="external\Jolt\Physics\Body\BodyType.h" />
    <ClInclude Include="external\Jolt\Physics\Body\MassProperties.h" />
    <ClInclude Include="external\Jolt\Physics\Body\MotionProperties.h" />
    <ClInclude Include="external\Jolt\Physics\Body\MotionQuality.h" />
    <ClInclude Include="external\Jolt\Physics\Body\MotionType.h" />
    <ClInclude Include="external\Jolt\Physics\Character\Character.h" />
    <ClInclude Include="external\Jolt\Physics\Character\CharacterBase.h" />
    <ClInclude Include="external\Jolt\Physics\Character\CharacterVirtual.h" />
    <ClInclude Include="external\Jolt\Physics\Collision\BroadPhase\BroadPhase.h" />
    <ClInclude Include="external\Jolt\Physics\Collision\BroadPhase\BroadPhaseBruteForce.h" />
    <ClInclude Include="external\Jolt\Physics\Collision\BroadPhase\BroadPhaseLayer.h" />
    <ClInclude Include="external\Jolt\Physics\Collision\BroadPhase\BroadPhaseLayerInterfaceTable.h" />
    <ClInclude Include="external\Jolt\Physics\Collision\BroadPhase\BroadPhaseQuadTree.h" />
    <ClInclude Include="external\Jolt\Physics\Collision\BroadPhase\BroadPhaseQuery.h" />
    <ClInclude Include="external\Jolt\Physics\Collision\BroadPhase\ObjectVsBroadPhaseLayerFilterTable.h" />
    <ClInclude Include="external\Jolt\Physics\Collision\BroadPhase\QuadTree.h" />
    <ClInclude Include="external\Jolt\Physics\Collision\Shape\BoxShape.h" />
    <ClInclude Include="external\Jolt\Physics\Collision\Shape\CapsuleShape.h" />
    <ClInclude Include="external\Jolt\Physics\Collision\Shape\CompoundShape.h" />
    <ClInclude Include="external\Jolt\Physics\Collision\Shape\CompoundShapeVisitors.h" />
    <ClInclude Include="external\Jolt\Physics\Collision\Shape\ConvexHullShape.h" />
    <ClInclude Include="external\Jolt\Physics\Collision\Shape\ConvexShape.h" />
    <ClInclude Include="external\Jolt\Physics\Collision\Shape\CylinderShape.h" />
    <ClInclude Include="external\Jolt\Physics\Collision\Shape\DecoratedShape.h" />
    <ClInclude Include="external\Jolt\Physics\Collision\Shape\GetTrianglesContext.h" />
    <ClInclude Include="external\Jolt\Physics\Collision\Shape\HeightFieldShape.h" />
    <ClInclude Include="external\Jolt\Physics\Collision\Shape\MeshShape.h" />
    <ClInclude Include="external\Jolt\Physics\Collision\Shape\MutableCompoundShape.h" />
    <ClInclude Include="external\Jolt\Physics\Collision\Shape\OffsetCenterOfMassShape.h" />
    <ClInclude Include="external\Jolt\Physics\Collision\Shape\PolyhedronSubmergedVolumeCalculator.h" />
    <ClInclude Include="external\Jolt\Physics\Collision\Shape\RotatedTranslatedShape.h" />
    <ClInclude Include="external\Jolt\Physics\Collision\Shape\ScaledShape.h" />
    <ClInclude Include="external\Jolt\Physics\Collision\Shape\ScaleHelpers.h" />
    <ClInclude Include="external\Jolt\Physics\Collision\Shape\Shape.h" />
    <ClInclude Include="external\Jolt\Physics\Collision\Shape\SphereShape.h" />
    <ClInclude Include="external\Jolt\Physics\Collision\Shape\StaticCompoundShape.h" />
    <ClInclude Include="external\Jolt\Physics\Collision\Shape\SubShapeID.h" />
    <ClInclude Include="external\Jolt\Physics\Collision\Shape\SubShapeIDPair.h" />
    <ClInclude Include="external\Jolt\Physics\Collision\Shape\TaperedCapsuleShape.h" />
    <ClInclude Include="external\Jolt\Physics\Collision\Shape\TriangleShape.h" />
    <ClInclude Include="external\Jolt\Physics\Collision\AABoxCast.h" />
    <ClInclude Include="external\Jolt\Physics\Collision\ActiveEdgeMode.h" />
    <ClInclude Include="external\Jolt\Physics\Collision\ActiveEdges.h" />
    <ClInclude Include="external\Jolt\Physics\Collision\BackFaceMode.h" />
    <ClInclude Include="external\Jolt\Physics\Collision\CastConvexVsTriangles.h" />
    <ClInclude Include="external\Jolt\Physics\Collision\CastResult.h" />
    <ClInclude Include="external\Jolt\Physics\Collision\CastSphereVsTriangles.h" />
    <ClInclude Include="external\Jolt\Physics\Collision\CollectFacesMode.h" />
    <ClInclude Include="external\Jolt\Physics\Collision\CollideConvexVsTriangles.h" />
    <ClInclude Include="external\Jolt\Physics\Collision\CollidePointResult.h" />
    <ClInclude Include="external\Jolt\Physics\Collision\CollideShape.h" />
    <ClInclude Include="external\Jolt\Physics\Collision\CollideSphereVsTriangles.h" />
    <ClInclude Include="external\Jolt\Physics\Collision\CollisionCollector.h" />
    <ClInclude Include="external\Jolt\Physics\Collision\CollisionCollectorImpl.h" />
    <ClInclude Include="external\Jolt\Physics\Collision\CollisionDispatch.h" />
    <ClInclude Include="external\Jolt\Physics\Collision\CollisionGroup.h" />
    <ClInclude Include="external\Jolt\Physics\Collision\ContactListener.h" />
    <ClInclude Include="external\Jolt\Physics\Collision\EstimateCollisionResponse.h" />
    <ClInclude Include="external\Jolt\Physics\Collision\GroupFilter.h" />
    <ClInclude Include="external\Jolt\Physics\Collision\GroupFilterTable.h" />
    <ClInclude Include="external\Jolt\Physics\Collision\ManifoldBetweenTwoFaces.h" />
    <ClInclude Include="external\Jolt\Physics\Collision\NarrowPhaseQuery.h" />
    <ClInclude Include="external\Jolt\Physics\Collision\NarrowPhaseStats.h" />
    <ClInclude Include="external\Jolt\Physics\Collision\ObjectLayer.h" />
    <ClInclude Include="external\Jolt\Physics\Collision\ObjectLayerPairFilterTable.h" />
    <ClInclude Include="external\Jolt\Physics\Collision\PhysicsMaterial.h" />
    <ClInclude Include="external\Jolt\Physics\Collision\PhysicsMaterialSimple.h" />
    <ClInclude Include="external\Jolt\Physics\Collision\RayCast.h" />
    <ClInclude Include="external\Jolt\Physics\Collision\ShapeCast.h" />
    <ClInclude Include="external\Jolt\Physics\Collision\ShapeFilter.h" />
    <ClInclude Include="external\Jolt\Physics\Collision\SortReverseAndStore.h" />
    <ClInclude Include="external\Jolt\Physics\Collision\TransformedShape.h" />
    <ClInclude Include="external\Jolt\Physics\Constraints\ConstraintPart\AngleConstraintPart.h" />
    <ClInclude Include="external\Jolt\Physics\Constraints\ConstraintPart\AxisConstraintPart.h" />
    <ClInclude Include="external\Jolt\Physics\Constraints\ConstraintPart\DualAxisConstraintPart.h" />
    <ClInclude Include="external\Jolt\Physics\Constraints\ConstraintPart\GearConstraintPart.h" />
    <ClInclude Include="external\Jolt\Physics\Constraints\ConstraintPart\HingeRotationConstraintPart.h" />
    <ClInclude Include="external\Jolt\Physics\Constraints\ConstraintPart\IndependentAxisConstraintPart.h" />
    <ClInclude Include="external\Jolt\Physics\Constraints\ConstraintPart\PointConstraintPart.h" />
    <ClInclude Include="external\Jolt\Physics\Constraints\ConstraintPart\RackAndPinionConstraintPart.h" />
    <ClInclude Include="external\Jolt\Physics\Constraints\ConstraintPart\RotationEulerConstraintPart.h" />
    <ClInclude Include="external\Jolt\Physics\Constraints\ConstraintPart\RotationQuatConstraintPart.h" />
    <ClInclude Include="external\Jolt\Physics\Constraints\ConstraintPart\SpringPart.h" />
    <ClInclude Include="external\Jolt\Physics\Constraints\ConstraintPart\SwingTwistConstraintPart.h" />
    <ClInclude Include="external\Jolt\Physics\Constraints\ConeConstraint.h" />
    <ClInclude Include="external\Jolt\Physics\Constraints\Constraint.h" />
    <ClInclude Include="external\Jolt\Physics\Constraints\ConstraintManager.h" />
    <ClInclude Include="external\Jolt\Physics\Constraints\ContactConstraintManager.h" />
    <ClInclude Include="external\Jolt\Physics\Constraints\DistanceConstraint.h" />
    <ClInclude Include="external\Jolt\Physics\Constraints\FixedConstraint.h" />
    <ClInclude Include="external\Jolt\Physics\Constraints\GearConstraint.h" />
    <ClInclude Include="external\Jolt\Physics\Constraints\HingeConstraint.h" />
    <ClInclude Include="external\Jolt\Physics\Constraints\MotorSettings.h" />
    <ClInclude Include="external\Jolt\Physics\Constraints\PathConstraint.h" />
    <ClInclude Include="external\Jolt\Physics\Constraints\PathConstraintPath.h" />
    <ClInclude Include="external\Jolt\Physics\Constraints\PathConstraintPathHermite.h" />
    <ClInclude Include="external\Jolt\Physics\Constraints\PointConstraint.h" />
    <ClInclude Include="external\Jolt\Physics\Constraints\PulleyConstraint.h" />
    <ClInclude Include="external\Jolt\Physics\Constraints\RackAndPinionConstraint.h" />
    <ClInclude Include="external\Jolt\Physics\Constraints\SixDOFConstraint.h" />
    <ClInclude Include="external\Jolt\Physics\Constraints\SliderConstraint.h" />
    <ClInclude Include="external\Jolt\Physics\Constraints\SpringSettings.h" />
    <ClInclude Include="external\Jolt\Physics\Constraints\SwingTwistConstraint.h" />
    <ClInclude Include="external\Jolt\Physics\Constraints\TwoBodyConstraint.h" />
    <ClInclude Include="external\Jolt\Physics\Ragdoll\Ragdoll.h" />
    <ClInclude Include="external\Jolt\Physics\SoftBody\SoftBodyCreationSettings.h" />
    <ClInclude Include="external\Jolt\Physics\SoftBody\SoftBodyMotionProperties.h" />
    <ClInclude Include="external\Jolt\Physics\SoftBody\SoftBodyShape.h" />
    <ClInclude Include="external\Jolt\Physics\SoftBody\SoftBodySharedSettings.h" />
    <ClInclude Include="external\Jolt\Physics\SoftBody\SoftBodyUpdateContext.h" />
    <ClInclude Include="external\Jolt\Physics\SoftBody\SoftBodyVertex.h" />
    <ClInclude Include="external\Jolt\Physics\Vehicle\MotorcycleController.h" />
    <ClInclude Include="external\Jolt\Physics\Vehicle\TrackedVehicleController.h" />
    <ClInclude Include="external\Jolt\Physics\Vehicle\VehicleAntiRollBar.h" />
    <ClInclude Include="external\Jolt\Physics\Vehicle\VehicleCollisionTester.h" />
    <ClInclude Include="external\Jolt\Physics\Vehicle\VehicleConstraint.h" />
    <ClInclude Include="external\Jolt\Physics\Vehicle\VehicleController.h" />
    <ClInclude Include="external\Jolt\Physics\Vehicle\VehicleDifferential.h" />
    <ClInclude Include="external\Jolt\Physics\Vehicle\VehicleEngine.h" />
    <ClInclude Include="external\Jolt\Physics\Vehicle\VehicleTrack.h" />
    <ClInclude Include="external\Jolt\Physics\Vehicle\VehicleTransmission.h" />
    <ClInclude Include="external\Jolt\Physics\Vehicle\Wheel.h" />
    <ClInclude Include="external\Jolt\Physics\Vehicle\WheeledVehicleController.h" />
    <ClInclude Include="external\Jolt\Physics\DeterminismLog.h" />
    <ClInclude Include="external\Jolt\Physics\EActivation.h" />
    <ClInclude Include="external\Jolt\Physics\EPhysicsUpdateError.h" />
    <ClInclude Include="external\Jolt\Physics\IslandBuilder.h" />
    <ClInclude Include="external\Jolt\Physics\LargeIslandSplitter.h" />
    <ClInclude Include="external\Jolt\Physics\PhysicsLock.h" />
    <ClInclude Include="external\Jolt\Physics\PhysicsScene.h" />
    <ClInclude Include="external\Jolt\Physics\PhysicsSettings.h" />
    <ClInclude Include="external\Jolt\Physics\PhysicsStepListener.h" />
    <ClInclude Include="external\Jolt\Physics\PhysicsSystem.h" />
    <ClInclude Include="external\Jolt\Physics\PhysicsUpdateContext.h" />
    <ClInclude Include="external\Jolt\Physics\StateRecorder.h" />
    <ClInclude Include="external\Jolt\Physics\StateRecorderImpl.h" />
    <ClInclude Include="external\Jolt\Renderer\DebugRenderer.h" />
    <ClInclude Include="external\Jolt\Renderer\DebugRendererPlayback.h" />
    <ClInclude Include="external\Jolt\Renderer\DebugRendererRecorder.h" />
    <ClInclude Include="external\Jolt\Skeleton\SkeletalAnimation.h" />
    <ClInclude Include="external\Jolt\Skeleton\Skeleton.h" />
    <ClInclude Include="external\Jolt\Skeleton\SkeletonMapper.h" />
    <ClInclude Include="external\Jolt\Skeleton\SkeletonPose.h" />
    <ClInclude Include="external\Jolt\TriangleGrouper\TriangleGrouper.h" />
    <ClInclude Include="external\Jolt\TriangleGrouper\TriangleGrouperClosestCentroid.h" />
    <ClInclude Include="external\Jolt\TriangleGrouper\TriangleGrouperMorton.h" />
    <ClInclude Include="external\Jolt\TriangleSplitter\TriangleSplitter.h" />
    <ClInclude Include="external\Jolt\TriangleSplitter\TriangleSplitterBinning.h" />
    <ClInclude Include="external\Jolt\TriangleSplitter\TriangleSplitterFixedLeafSize.h" />
    <ClInclude Include="external\Jolt\TriangleSplitter\TriangleSplitterLongestAxis.h" />
    <ClInclude Include="external\Jolt\TriangleSplitter\TriangleSplitterMean.h" />
    <ClInclude Include="external\Jolt\TriangleSplitter\TriangleSplitterMorton.h" />
    <ClInclude Include="external\Jolt\ConfigurationString.h" />
    <ClInclude Include="external\Jolt\Jolt.h" />
    <ClInclude Include="external\Jolt\RegisterTypes.h" />
    <ClInclude Include="include\blockB\Scene.h" />
    <ClInclude Include="include\blockB\AbilityCreationMenu.h" />
    <ClInclude Include="include\resource_managers\AbilityManager.h" />
    <ClInclude Include="include\blockB\AbilitySettings.h" />
    <ClInclude Include="include\ecs\systems\AbilitySystem.h" />
    <ClInclude Include="include\blockB\SceneContactListener.h" />
    <ClInclude Include="include\tools\MainMenuBar.h" />
    <ClInclude Include="include\blockB\PlayerStatsWindows.h" />
    <ClInclude Include="include\ecs\components\TransformComponent.h" />
    <ClInclude Include="include\ecs\components\MeshComponent.h" />
    <ClInclude Include="include\ecs\components\ParticleSystemComponents.h" />
    <ClInclude Include="include\ecs\components\HierarchyComponents.h" />
    <ClInclude Include="include\ecs\components\NameComponent.h" />
    <ClInclude Include="include\ecs\components\CameraComponent.h" />
    <ClInclude Include="include\ecs\components\ScriptComponent.h" />
    <ClInclude Include="include\ecs\components\PhysicsBody3DComponent.h" />
    <ClInclude Include="include\ecs\components\PlayerStatsComponents.h" />
    <ClInclude Include="include\ecs\components\AbilityComponent.h" />
    <ClInclude Include="include\ecs\components\compact_includes\HierarchyIncludeComponents.h" />
    <ClInclude Include="include\ecs\components\PhysicsBody2DComponent.h" />
    <ClInclude Include="include\ecs\systems\PhysicsSystem2D.h" />
    <ClInclude Include="include\tools\ImGuiHelpers.h" />
  </ItemGroup>
  <ItemGroup>
    <None Include="external\imgui\.editorconfig" />
    <None Include="assets\models\GearboxAssy.gltf" />
    <None Include="assets\models\GearboxAssy0.bin" />
    <None Include="assets\scripts\camera_script.lua" />
    <None Include="assets\scripts\template_script.lua" />
    <None Include="external\Jolt\Core\FixedSizeFreeList.inl" />
    <None Include="external\Jolt\Core\JobSystem.inl" />
    <None Include="external\Jolt\Core\LockFreeHashMap.inl" />
    <None Include="external\Jolt\Core\Profiler.inl" />
    <None Include="external\Jolt\Math\DMat44.inl" />
    <None Include="external\Jolt\Math\DVec3.inl" />
    <None Include="external\Jolt\Math\Mat44.inl" />
    <None Include="external\Jolt\Math\Quat.inl" />
    <None Include="external\Jolt\Math\UVec4.inl" />
    <None Include="external\Jolt\Math\UVec8.inl" />
    <None Include="external\Jolt\Math\Vec3.inl" />
    <None Include="external\Jolt\Math\Vec4.inl" />
    <None Include="external\Jolt\Math\Vec8.inl" />
    <None Include="external\Jolt\Physics\Body\Body.inl" />
    <None Include="external\Jolt\Physics\Body\MotionProperties.inl" />
  </ItemGroup>
  <ItemGroup>
    <Image Include="assets\textures\highrezgiorno1024.png" />
    <Image Include="assets\textures\bee_icon_256.ico" />
  </ItemGroup>
  <ItemGroup>
    <ResourceCompile Include="bee.rc" />
  </ItemGroup>
</Project>